
Microsoft Visual Studio Solution File, Format Version 12.00
# Visual Studio Version 16
VisualStudioVersion = 16.0.31410.357
MinimumVisualStudioVersion = 10.0.40219.1
Project("{FAE04EC0-301F-11D3-BF4B-00C04F79EFBC}") = "RoverTracking", "RoverTracking.csproj", "{BF2954C8-3E6C-48FC-BF0B-E47639BE1CAE}"
EndProject
Global
	GlobalSection(SolutionConfigurationPlatforms) = preSolution
		Debug|Any CPU = Debug|Any CPU
		Release|Any CPU = Release|Any CPU
	EndGlobalSection
	GlobalSection(ProjectConfigurationPlatforms) = postSolution
		{BF2954C8-3E6C-48FC-BF0B-E47639BE1CAE}.Debug|Any CPU.ActiveCfg = Debug|Any CPU
		{BF2954C8-3E6C-48FC-BF0B-E47639BE1CAE}.Debug|Any CPU.Build.0 = Debug|Any CPU
		{BF2954C8-3E6C-48FC-BF0B-E47639BE1CAE}.Release|Any CPU.ActiveCfg = Release|Any CPU
		{BF2954C8-3E6C-48FC-BF0B-E47639BE1CAE}.Release|Any CPU.Build.0 = Release|Any CPU
	EndGlobalSection
	GlobalSection(SolutionProperties) = preSolution
		HideSolutionNode = FALSE
	EndGlobalSection
	GlobalSection(ExtensibilityGlobals) = postSolution
		SolutionGuid = {2BF2AB47-16AD-45E5-B7F3-0D1305EF6571}
	EndGlobalSection
EndGlobal
